// !$*UTF8*$!
{
	archiveVersion = 1;
	classes = {
	};
	objectVersion = 46;
	objects = {

/* Begin PBXBuildFile section */
		736358C44668AABB860345A5 /* Pods_PictBoardTests.framework in Frameworks */ = {isa = PBXBuildFile; fileRef = 8EB8815C37241C85BA512689 /* Pods_PictBoardTests.framework */; };
		A0996A5E85C8AFBB1E2D963F /* Pods_PictBoard.framework in Frameworks */ = {isa = PBXBuildFile; fileRef = D77169ABA54D3FC32CAC6AB4 /* Pods_PictBoard.framework */; };
		AFDFB43152970C43DF3D5AD7 /* Pods_PictBoardUITests.framework in Frameworks */ = {isa = PBXBuildFile; fileRef = 65EA6EACBE30DE53E370DBFE /* Pods_PictBoardUITests.framework */; };
		B017168D1D7F33F400967CA7 /* AppDelegate.swift in Sources */ = {isa = PBXBuildFile; fileRef = B017168C1D7F33F400967CA7 /* AppDelegate.swift */; };
		B01716921D7F33F400967CA7 /* Main.storyboard in Resources */ = {isa = PBXBuildFile; fileRef = B01716901D7F33F400967CA7 /* Main.storyboard */; };
		B01716941D7F33F400967CA7 /* Assets.xcassets in Resources */ = {isa = PBXBuildFile; fileRef = B01716931D7F33F400967CA7 /* Assets.xcassets */; };
		B01716971D7F33F400967CA7 /* LaunchScreen.storyboard in Resources */ = {isa = PBXBuildFile; fileRef = B01716951D7F33F400967CA7 /* LaunchScreen.storyboard */; };
		B01716A21D7F33F400967CA7 /* PictBoardTests.swift in Sources */ = {isa = PBXBuildFile; fileRef = B01716A11D7F33F400967CA7 /* PictBoardTests.swift */; };
		B01716AD1D7F33F400967CA7 /* PictBoardUITests.swift in Sources */ = {isa = PBXBuildFile; fileRef = B01716AC1D7F33F400967CA7 /* PictBoardUITests.swift */; };
		B01716BE1D7F354C00967CA7 /* ThreadListViewControllerTableViewController.swift in Sources */ = {isa = PBXBuildFile; fileRef = B01716BD1D7F354C00967CA7 /* ThreadListViewControllerTableViewController.swift */; };
		B01716C01D7F382200967CA7 /* File.swift in Sources */ = {isa = PBXBuildFile; fileRef = B01716BF1D7F382200967CA7 /* File.swift */; };
		B01716C31D7F384E00967CA7 /* Thread.swift in Sources */ = {isa = PBXBuildFile; fileRef = B01716C21D7F384E00967CA7 /* Thread.swift */; };
		B01716C51D7F38A400967CA7 /* ThreadStore.swift in Sources */ = {isa = PBXBuildFile; fileRef = B01716C41D7F38A400967CA7 /* ThreadStore.swift */; };
		B02827F91DB400DE00D35165 /* ThreadCell.swift in Sources */ = {isa = PBXBuildFile; fileRef = B02827F81DB400DE00D35165 /* ThreadCell.swift */; };
/* End PBXBuildFile section */

/* Begin PBXContainerItemProxy section */
		B017169E1D7F33F400967CA7 /* PBXContainerItemProxy */ = {
			isa = PBXContainerItemProxy;
			containerPortal = B01716811D7F33F400967CA7 /* Project object */;
			proxyType = 1;
			remoteGlobalIDString = B01716881D7F33F400967CA7;
			remoteInfo = PictBoard;
		};
		B01716A91D7F33F400967CA7 /* PBXContainerItemProxy */ = {
			isa = PBXContainerItemProxy;
			containerPortal = B01716811D7F33F400967CA7 /* Project object */;
			proxyType = 1;
			remoteGlobalIDString = B01716881D7F33F400967CA7;
			remoteInfo = PictBoard;
		};
/* End PBXContainerItemProxy section */

/* Begin PBXFileReference section */
		46189B98A3D9A333D0B5351A /* Pods-PictBoard.release.xcconfig */ = {isa = PBXFileReference; includeInIndex = 1; lastKnownFileType = text.xcconfig; name = "Pods-PictBoard.release.xcconfig"; path = "Pods/Target Support Files/Pods-PictBoard/Pods-PictBoard.release.xcconfig"; sourceTree = "<group>"; };
		65EA6EACBE30DE53E370DBFE /* Pods_PictBoardUITests.framework */ = {isa = PBXFileReference; explicitFileType = wrapper.framework; includeInIndex = 0; path = Pods_PictBoardUITests.framework; sourceTree = BUILT_PRODUCTS_DIR; };
		81C2DEE42088FBA4933BDF5D /* Pods-PictBoardTests.release.xcconfig */ = {isa = PBXFileReference; includeInIndex = 1; lastKnownFileType = text.xcconfig; name = "Pods-PictBoardTests.release.xcconfig"; path = "Pods/Target Support Files/Pods-PictBoardTests/Pods-PictBoardTests.release.xcconfig"; sourceTree = "<group>"; };
		86BBB4277F9641239F893A32 /* Pods-PictBoard.debug.xcconfig */ = {isa = PBXFileReference; includeInIndex = 1; lastKnownFileType = text.xcconfig; name = "Pods-PictBoard.debug.xcconfig"; path = "Pods/Target Support Files/Pods-PictBoard/Pods-PictBoard.debug.xcconfig"; sourceTree = "<group>"; };
		87994857645C580AF722B72D /* Pods-PictBoardUITests.release.xcconfig */ = {isa = PBXFileReference; includeInIndex = 1; lastKnownFileType = text.xcconfig; name = "Pods-PictBoardUITests.release.xcconfig"; path = "Pods/Target Support Files/Pods-PictBoardUITests/Pods-PictBoardUITests.release.xcconfig"; sourceTree = "<group>"; };
		8EB8815C37241C85BA512689 /* Pods_PictBoardTests.framework */ = {isa = PBXFileReference; explicitFileType = wrapper.framework; includeInIndex = 0; path = Pods_PictBoardTests.framework; sourceTree = BUILT_PRODUCTS_DIR; };
		A2719CFF4E697F87C0B3BF7B /* Pods-PictBoardUITests.debug.xcconfig */ = {isa = PBXFileReference; includeInIndex = 1; lastKnownFileType = text.xcconfig; name = "Pods-PictBoardUITests.debug.xcconfig"; path = "Pods/Target Support Files/Pods-PictBoardUITests/Pods-PictBoardUITests.debug.xcconfig"; sourceTree = "<group>"; };
		AB4C1810DD127B44384A6D8C /* Pods-PictBoardTests.debug.xcconfig */ = {isa = PBXFileReference; includeInIndex = 1; lastKnownFileType = text.xcconfig; name = "Pods-PictBoardTests.debug.xcconfig"; path = "Pods/Target Support Files/Pods-PictBoardTests/Pods-PictBoardTests.debug.xcconfig"; sourceTree = "<group>"; };
		B01716891D7F33F400967CA7 /* PictBoard.app */ = {isa = PBXFileReference; explicitFileType = wrapper.application; includeInIndex = 0; path = PictBoard.app; sourceTree = BUILT_PRODUCTS_DIR; };
		B017168C1D7F33F400967CA7 /* AppDelegate.swift */ = {isa = PBXFileReference; lastKnownFileType = sourcecode.swift; path = AppDelegate.swift; sourceTree = "<group>"; };
		B01716911D7F33F400967CA7 /* Base */ = {isa = PBXFileReference; lastKnownFileType = file.storyboard; name = Base; path = Base.lproj/Main.storyboard; sourceTree = "<group>"; };
		B01716931D7F33F400967CA7 /* Assets.xcassets */ = {isa = PBXFileReference; lastKnownFileType = folder.assetcatalog; path = Assets.xcassets; sourceTree = "<group>"; };
		B01716961D7F33F400967CA7 /* Base */ = {isa = PBXFileReference; lastKnownFileType = file.storyboard; name = Base; path = Base.lproj/LaunchScreen.storyboard; sourceTree = "<group>"; };
		B01716981D7F33F400967CA7 /* Info.plist */ = {isa = PBXFileReference; lastKnownFileType = text.plist.xml; path = Info.plist; sourceTree = "<group>"; };
		B017169D1D7F33F400967CA7 /* PictBoardTests.xctest */ = {isa = PBXFileReference; explicitFileType = wrapper.cfbundle; includeInIndex = 0; path = PictBoardTests.xctest; sourceTree = BUILT_PRODUCTS_DIR; };
		B01716A11D7F33F400967CA7 /* PictBoardTests.swift */ = {isa = PBXFileReference; lastKnownFileType = sourcecode.swift; path = PictBoardTests.swift; sourceTree = "<group>"; };
		B01716A31D7F33F400967CA7 /* Info.plist */ = {isa = PBXFileReference; lastKnownFileType = text.plist.xml; path = Info.plist; sourceTree = "<group>"; };
		B01716A81D7F33F400967CA7 /* PictBoardUITests.xctest */ = {isa = PBXFileReference; explicitFileType = wrapper.cfbundle; includeInIndex = 0; path = PictBoardUITests.xctest; sourceTree = BUILT_PRODUCTS_DIR; };
		B01716AC1D7F33F400967CA7 /* PictBoardUITests.swift */ = {isa = PBXFileReference; lastKnownFileType = sourcecode.swift; path = PictBoardUITests.swift; sourceTree = "<group>"; };
		B01716AE1D7F33F400967CA7 /* Info.plist */ = {isa = PBXFileReference; lastKnownFileType = text.plist.xml; path = Info.plist; sourceTree = "<group>"; };
		B01716BD1D7F354C00967CA7 /* ThreadListViewControllerTableViewController.swift */ = {isa = PBXFileReference; fileEncoding = 4; lastKnownFileType = sourcecode.swift; path = ThreadListViewControllerTableViewController.swift; sourceTree = "<group>"; };
		B01716BF1D7F382200967CA7 /* File.swift */ = {isa = PBXFileReference; fileEncoding = 4; lastKnownFileType = sourcecode.swift; path = File.swift; sourceTree = "<group>"; };
		B01716C21D7F384E00967CA7 /* Thread.swift */ = {isa = PBXFileReference; fileEncoding = 4; lastKnownFileType = sourcecode.swift; path = Thread.swift; sourceTree = "<group>"; };
		B01716C41D7F38A400967CA7 /* ThreadStore.swift */ = {isa = PBXFileReference; fileEncoding = 4; lastKnownFileType = sourcecode.swift; path = ThreadStore.swift; sourceTree = "<group>"; };
		B02827F81DB400DE00D35165 /* ThreadCell.swift */ = {isa = PBXFileReference; fileEncoding = 4; lastKnownFileType = sourcecode.swift; path = ThreadCell.swift; sourceTree = "<group>"; };
		B02827FB1DB403F300D35165 /* PictBoard-Bridging-Header.h */ = {isa = PBXFileReference; lastKnownFileType = sourcecode.c.h; path = "PictBoard-Bridging-Header.h"; sourceTree = "<group>"; };
		D77169ABA54D3FC32CAC6AB4 /* Pods_PictBoard.framework */ = {isa = PBXFileReference; explicitFileType = wrapper.framework; includeInIndex = 0; path = Pods_PictBoard.framework; sourceTree = BUILT_PRODUCTS_DIR; };
/* End PBXFileReference section */

/* Begin PBXFrameworksBuildPhase section */
		B01716861D7F33F400967CA7 /* Frameworks */ = {
			isa = PBXFrameworksBuildPhase;
			buildActionMask = 2147483647;
			files = (
				A0996A5E85C8AFBB1E2D963F /* Pods_PictBoard.framework in Frameworks */,
			);
			runOnlyForDeploymentPostprocessing = 0;
		};
		B017169A1D7F33F400967CA7 /* Frameworks */ = {
			isa = PBXFrameworksBuildPhase;
			buildActionMask = 2147483647;
			files = (
				736358C44668AABB860345A5 /* Pods_PictBoardTests.framework in Frameworks */,
			);
			runOnlyForDeploymentPostprocessing = 0;
		};
		B01716A51D7F33F400967CA7 /* Frameworks */ = {
			isa = PBXFrameworksBuildPhase;
			buildActionMask = 2147483647;
			files = (
				AFDFB43152970C43DF3D5AD7 /* Pods_PictBoardUITests.framework in Frameworks */,
			);
			runOnlyForDeploymentPostprocessing = 0;
		};
/* End PBXFrameworksBuildPhase section */

/* Begin PBXGroup section */
		2CE34D344FA23A6E10049627 /* Frameworks */ = {
			isa = PBXGroup;
			children = (
				D77169ABA54D3FC32CAC6AB4 /* Pods_PictBoard.framework */,
				8EB8815C37241C85BA512689 /* Pods_PictBoardTests.framework */,
				65EA6EACBE30DE53E370DBFE /* Pods_PictBoardUITests.framework */,
			);
			name = Frameworks;
			sourceTree = "<group>";
		};
		B01716801D7F33F400967CA7 = {
			isa = PBXGroup;
			children = (
				B017168B1D7F33F400967CA7 /* PictBoard */,
				B01716A01D7F33F400967CA7 /* PictBoardTests */,
				B01716AB1D7F33F400967CA7 /* PictBoardUITests */,
				B017168A1D7F33F400967CA7 /* Products */,
				E96B29D513987A543BD59CD1 /* Pods */,
				2CE34D344FA23A6E10049627 /* Frameworks */,
			);
			sourceTree = "<group>";
		};
		B017168A1D7F33F400967CA7 /* Products */ = {
			isa = PBXGroup;
			children = (
				B01716891D7F33F400967CA7 /* PictBoard.app */,
				B017169D1D7F33F400967CA7 /* PictBoardTests.xctest */,
				B01716A81D7F33F400967CA7 /* PictBoardUITests.xctest */,
			);
			name = Products;
			sourceTree = "<group>";
		};
		B017168B1D7F33F400967CA7 /* PictBoard */ = {
			isa = PBXGroup;
			children = (
				B01716BC1D7F341900967CA7 /* ViewController */,
				B01716BB1D7F341000967CA7 /* View */,
				B01716BA1D7F340700967CA7 /* Model */,
				B017168C1D7F33F400967CA7 /* AppDelegate.swift */,
				B01716901D7F33F400967CA7 /* Main.storyboard */,
				B01716931D7F33F400967CA7 /* Assets.xcassets */,
				B01716951D7F33F400967CA7 /* LaunchScreen.storyboard */,
				B01716981D7F33F400967CA7 /* Info.plist */,
				B02827FB1DB403F300D35165 /* PictBoard-Bridging-Header.h */,
			);
			path = PictBoard;
			sourceTree = "<group>";
		};
		B01716A01D7F33F400967CA7 /* PictBoardTests */ = {
			isa = PBXGroup;
			children = (
				B01716A11D7F33F400967CA7 /* PictBoardTests.swift */,
				B01716A31D7F33F400967CA7 /* Info.plist */,
			);
			path = PictBoardTests;
			sourceTree = "<group>";
		};
		B01716AB1D7F33F400967CA7 /* PictBoardUITests */ = {
			isa = PBXGroup;
			children = (
				B01716AC1D7F33F400967CA7 /* PictBoardUITests.swift */,
				B01716AE1D7F33F400967CA7 /* Info.plist */,
			);
			path = PictBoardUITests;
			sourceTree = "<group>";
		};
		B01716BA1D7F340700967CA7 /* Model */ = {
			isa = PBXGroup;
			children = (
				B01716BF1D7F382200967CA7 /* File.swift */,
				B01716C21D7F384E00967CA7 /* Thread.swift */,
				B01716C41D7F38A400967CA7 /* ThreadStore.swift */,
			);
			name = Model;
			sourceTree = "<group>";
		};
		B01716BB1D7F341000967CA7 /* View */ = {
			isa = PBXGroup;
			children = (
				B02827F81DB400DE00D35165 /* ThreadCell.swift */,
			);
			name = View;
			sourceTree = "<group>";
		};
		B01716BC1D7F341900967CA7 /* ViewController */ = {
			isa = PBXGroup;
			children = (
				B01716BD1D7F354C00967CA7 /* ThreadListViewControllerTableViewController.swift */,
			);
			name = ViewController;
			sourceTree = "<group>";
		};
		E96B29D513987A543BD59CD1 /* Pods */ = {
			isa = PBXGroup;
			children = (
				86BBB4277F9641239F893A32 /* Pods-PictBoard.debug.xcconfig */,
				46189B98A3D9A333D0B5351A /* Pods-PictBoard.release.xcconfig */,
				AB4C1810DD127B44384A6D8C /* Pods-PictBoardTests.debug.xcconfig */,
				81C2DEE42088FBA4933BDF5D /* Pods-PictBoardTests.release.xcconfig */,
				A2719CFF4E697F87C0B3BF7B /* Pods-PictBoardUITests.debug.xcconfig */,
				87994857645C580AF722B72D /* Pods-PictBoardUITests.release.xcconfig */,
			);
			name = Pods;
			sourceTree = "<group>";
		};
/* End PBXGroup section */

/* Begin PBXNativeTarget section */
		B01716881D7F33F400967CA7 /* PictBoard */ = {
			isa = PBXNativeTarget;
			buildConfigurationList = B01716B11D7F33F400967CA7 /* Build configuration list for PBXNativeTarget "PictBoard" */;
			buildPhases = (
				A25546AC331B37CC69515073 /* [CP] Check Pods Manifest.lock */,
				B01716851D7F33F400967CA7 /* Sources */,
				B01716861D7F33F400967CA7 /* Frameworks */,
				B01716871D7F33F400967CA7 /* Resources */,
				6D89A3B2BC48652EBE4C974C /* [CP] Embed Pods Frameworks */,
				8B8078A2C632705628AEAFC4 /* [CP] Copy Pods Resources */,
			);
			buildRules = (
			);
			dependencies = (
			);
			name = PictBoard;
			productName = PictBoard;
			productReference = B01716891D7F33F400967CA7 /* PictBoard.app */;
			productType = "com.apple.product-type.application";
		};
		B017169C1D7F33F400967CA7 /* PictBoardTests */ = {
			isa = PBXNativeTarget;
			buildConfigurationList = B01716B41D7F33F400967CA7 /* Build configuration list for PBXNativeTarget "PictBoardTests" */;
			buildPhases = (
				14886438C94AF408565FBF19 /* [CP] Check Pods Manifest.lock */,
				B01716991D7F33F400967CA7 /* Sources */,
				B017169A1D7F33F400967CA7 /* Frameworks */,
				B017169B1D7F33F400967CA7 /* Resources */,
				60A70DA5D110FCDD7E96A859 /* [CP] Embed Pods Frameworks */,
				2882CC8FDE4B66F1E97425DF /* [CP] Copy Pods Resources */,
			);
			buildRules = (
			);
			dependencies = (
				B017169F1D7F33F400967CA7 /* PBXTargetDependency */,
			);
			name = PictBoardTests;
			productName = PictBoardTests;
			productReference = B017169D1D7F33F400967CA7 /* PictBoardTests.xctest */;
			productType = "com.apple.product-type.bundle.unit-test";
		};
		B01716A71D7F33F400967CA7 /* PictBoardUITests */ = {
			isa = PBXNativeTarget;
			buildConfigurationList = B01716B71D7F33F400967CA7 /* Build configuration list for PBXNativeTarget "PictBoardUITests" */;
			buildPhases = (
				207626543BB359F099F00780 /* [CP] Check Pods Manifest.lock */,
				B01716A41D7F33F400967CA7 /* Sources */,
				B01716A51D7F33F400967CA7 /* Frameworks */,
				B01716A61D7F33F400967CA7 /* Resources */,
				D6DD612B1C83DFD53E2C2A3F /* [CP] Copy Pods Resources */,
			);
			buildRules = (
			);
			dependencies = (
				B01716AA1D7F33F400967CA7 /* PBXTargetDependency */,
			);
			name = PictBoardUITests;
			productName = PictBoardUITests;
			productReference = B01716A81D7F33F400967CA7 /* PictBoardUITests.xctest */;
			productType = "com.apple.product-type.bundle.ui-testing";
		};
/* End PBXNativeTarget section */

/* Begin PBXProject section */
		B01716811D7F33F400967CA7 /* Project object */ = {
			isa = PBXProject;
			attributes = {
				LastSwiftUpdateCheck = 0730;
				LastUpgradeCheck = 0730;
				ORGANIZATIONNAME = "Shintaro Katafuchi";
				TargetAttributes = {
					B01716881D7F33F400967CA7 = {
						CreatedOnToolsVersion = 7.3.1;
						LastSwiftMigration = 0810;
					};
					B017169C1D7F33F400967CA7 = {
						CreatedOnToolsVersion = 7.3.1;
						LastSwiftMigration = 0810;
						TestTargetID = B01716881D7F33F400967CA7;
					};
					B01716A71D7F33F400967CA7 = {
						CreatedOnToolsVersion = 7.3.1;
						LastSwiftMigration = 0810;
						TestTargetID = B01716881D7F33F400967CA7;
					};
				};
			};
			buildConfigurationList = B01716841D7F33F400967CA7 /* Build configuration list for PBXProject "PictBoard" */;
			compatibilityVersion = "Xcode 3.2";
			developmentRegion = English;
			hasScannedForEncodings = 0;
			knownRegions = (
				en,
				Base,
			);
			mainGroup = B01716801D7F33F400967CA7;
			productRefGroup = B017168A1D7F33F400967CA7 /* Products */;
			projectDirPath = "";
			projectRoot = "";
			targets = (
				B01716881D7F33F400967CA7 /* PictBoard */,
				B017169C1D7F33F400967CA7 /* PictBoardTests */,
				B01716A71D7F33F400967CA7 /* PictBoardUITests */,
			);
		};
/* End PBXProject section */

/* Begin PBXResourcesBuildPhase section */
		B01716871D7F33F400967CA7 /* Resources */ = {
			isa = PBXResourcesBuildPhase;
			buildActionMask = 2147483647;
			files = (
				B01716971D7F33F400967CA7 /* LaunchScreen.storyboard in Resources */,
				B01716941D7F33F400967CA7 /* Assets.xcassets in Resources */,
				B01716921D7F33F400967CA7 /* Main.storyboard in Resources */,
			);
			runOnlyForDeploymentPostprocessing = 0;
		};
		B017169B1D7F33F400967CA7 /* Resources */ = {
			isa = PBXResourcesBuildPhase;
			buildActionMask = 2147483647;
			files = (
			);
			runOnlyForDeploymentPostprocessing = 0;
		};
		B01716A61D7F33F400967CA7 /* Resources */ = {
			isa = PBXResourcesBuildPhase;
			buildActionMask = 2147483647;
			files = (
			);
			runOnlyForDeploymentPostprocessing = 0;
		};
/* End PBXResourcesBuildPhase section */

/* Begin PBXShellScriptBuildPhase section */
		14886438C94AF408565FBF19 /* [CP] Check Pods Manifest.lock */ = {
			isa = PBXShellScriptBuildPhase;
			buildActionMask = 2147483647;
			files = (
			);
			inputPaths = (
			);
			name = "[CP] Check Pods Manifest.lock";
			outputPaths = (
			);
			runOnlyForDeploymentPostprocessing = 0;
			shellPath = /bin/sh;
			shellScript = "diff \"${PODS_ROOT}/../Podfile.lock\" \"${PODS_ROOT}/Manifest.lock\" > /dev/null\nif [[ $? != 0 ]] ; then\n    cat << EOM\nerror: The sandbox is not in sync with the Podfile.lock. Run 'pod install' or update your CocoaPods installation.\nEOM\n    exit 1\nfi\n";
			showEnvVarsInLog = 0;
		};
		207626543BB359F099F00780 /* [CP] Check Pods Manifest.lock */ = {
			isa = PBXShellScriptBuildPhase;
			buildActionMask = 2147483647;
			files = (
			);
			inputPaths = (
			);
			name = "[CP] Check Pods Manifest.lock";
			outputPaths = (
			);
			runOnlyForDeploymentPostprocessing = 0;
			shellPath = /bin/sh;
			shellScript = "diff \"${PODS_ROOT}/../Podfile.lock\" \"${PODS_ROOT}/Manifest.lock\" > /dev/null\nif [[ $? != 0 ]] ; then\n    cat << EOM\nerror: The sandbox is not in sync with the Podfile.lock. Run 'pod install' or update your CocoaPods installation.\nEOM\n    exit 1\nfi\n";
			showEnvVarsInLog = 0;
		};
		2882CC8FDE4B66F1E97425DF /* [CP] Copy Pods Resources */ = {
			isa = PBXShellScriptBuildPhase;
			buildActionMask = 2147483647;
			files = (
			);
			inputPaths = (
			);
			name = "[CP] Copy Pods Resources";
			outputPaths = (
			);
			runOnlyForDeploymentPostprocessing = 0;
			shellPath = /bin/sh;
			shellScript = "\"${SRCROOT}/Pods/Target Support Files/Pods-PictBoardTests/Pods-PictBoardTests-resources.sh\"\n";
			showEnvVarsInLog = 0;
		};
		60A70DA5D110FCDD7E96A859 /* [CP] Embed Pods Frameworks */ = {
			isa = PBXShellScriptBuildPhase;
			buildActionMask = 2147483647;
			files = (
			);
			inputPaths = (
			);
			name = "[CP] Embed Pods Frameworks";
			outputPaths = (
			);
			runOnlyForDeploymentPostprocessing = 0;
			shellPath = /bin/sh;
			shellScript = "\"${SRCROOT}/Pods/Target Support Files/Pods-PictBoardTests/Pods-PictBoardTests-frameworks.sh\"\n";
			showEnvVarsInLog = 0;
		};
		6D89A3B2BC48652EBE4C974C /* [CP] Embed Pods Frameworks */ = {
			isa = PBXShellScriptBuildPhase;
			buildActionMask = 2147483647;
			files = (
			);
			inputPaths = (
			);
			name = "[CP] Embed Pods Frameworks";
			outputPaths = (
			);
			runOnlyForDeploymentPostprocessing = 0;
			shellPath = /bin/sh;
			shellScript = "\"${SRCROOT}/Pods/Target Support Files/Pods-PictBoard/Pods-PictBoard-frameworks.sh\"\n";
			showEnvVarsInLog = 0;
		};
		8B8078A2C632705628AEAFC4 /* [CP] Copy Pods Resources */ = {
			isa = PBXShellScriptBuildPhase;
			buildActionMask = 2147483647;
			files = (
			);
			inputPaths = (
			);
			name = "[CP] Copy Pods Resources";
			outputPaths = (
			);
			runOnlyForDeploymentPostprocessing = 0;
			shellPath = /bin/sh;
			shellScript = "\"${SRCROOT}/Pods/Target Support Files/Pods-PictBoard/Pods-PictBoard-resources.sh\"\n";
			showEnvVarsInLog = 0;
		};
		A25546AC331B37CC69515073 /* [CP] Check Pods Manifest.lock */ = {
			isa = PBXShellScriptBuildPhase;
			buildActionMask = 2147483647;
			files = (
			);
			inputPaths = (
			);
			name = "[CP] Check Pods Manifest.lock";
			outputPaths = (
			);
			runOnlyForDeploymentPostprocessing = 0;
			shellPath = /bin/sh;
			shellScript = "diff \"${PODS_ROOT}/../Podfile.lock\" \"${PODS_ROOT}/Manifest.lock\" > /dev/null\nif [[ $? != 0 ]] ; then\n    cat << EOM\nerror: The sandbox is not in sync with the Podfile.lock. Run 'pod install' or update your CocoaPods installation.\nEOM\n    exit 1\nfi\n";
			showEnvVarsInLog = 0;
		};
		D6DD612B1C83DFD53E2C2A3F /* [CP] Copy Pods Resources */ = {
			isa = PBXShellScriptBuildPhase;
			buildActionMask = 2147483647;
			files = (
			);
			inputPaths = (
			);
			name = "[CP] Copy Pods Resources";
			outputPaths = (
			);
			runOnlyForDeploymentPostprocessing = 0;
			shellPath = /bin/sh;
			shellScript = "\"${SRCROOT}/Pods/Target Support Files/Pods-PictBoardUITests/Pods-PictBoardUITests-resources.sh\"\n";
			showEnvVarsInLog = 0;
		};
/* End PBXShellScriptBuildPhase section */

/* Begin PBXSourcesBuildPhase section */
		B01716851D7F33F400967CA7 /* Sources */ = {
			isa = PBXSourcesBuildPhase;
			buildActionMask = 2147483647;
			files = (
				B01716BE1D7F354C00967CA7 /* ThreadListViewControllerTableViewController.swift in Sources */,
				B01716C01D7F382200967CA7 /* File.swift in Sources */,
				B017168D1D7F33F400967CA7 /* AppDelegate.swift in Sources */,
				B02827F91DB400DE00D35165 /* ThreadCell.swift in Sources */,
				B01716C31D7F384E00967CA7 /* Thread.swift in Sources */,
				B01716C51D7F38A400967CA7 /* ThreadStore.swift in Sources */,
			);
			runOnlyForDeploymentPostprocessing = 0;
		};
		B01716991D7F33F400967CA7 /* Sources */ = {
			isa = PBXSourcesBuildPhase;
			buildActionMask = 2147483647;
			files = (
				B01716A21D7F33F400967CA7 /* PictBoardTests.swift in Sources */,
			);
			runOnlyForDeploymentPostprocessing = 0;
		};
		B01716A41D7F33F400967CA7 /* Sources */ = {
			isa = PBXSourcesBuildPhase;
			buildActionMask = 2147483647;
			files = (
				B01716AD1D7F33F400967CA7 /* PictBoardUITests.swift in Sources */,
			);
			runOnlyForDeploymentPostprocessing = 0;
		};
/* End PBXSourcesBuildPhase section */

/* Begin PBXTargetDependency section */
		B017169F1D7F33F400967CA7 /* PBXTargetDependency */ = {
			isa = PBXTargetDependency;
			target = B01716881D7F33F400967CA7 /* PictBoard */;
			targetProxy = B017169E1D7F33F400967CA7 /* PBXContainerItemProxy */;
		};
		B01716AA1D7F33F400967CA7 /* PBXTargetDependency */ = {
			isa = PBXTargetDependency;
			target = B01716881D7F33F400967CA7 /* PictBoard */;
			targetProxy = B01716A91D7F33F400967CA7 /* PBXContainerItemProxy */;
		};
/* End PBXTargetDependency section */

/* Begin PBXVariantGroup section */
		B01716901D7F33F400967CA7 /* Main.storyboard */ = {
			isa = PBXVariantGroup;
			children = (
				B01716911D7F33F400967CA7 /* Base */,
			);
			name = Main.storyboard;
			sourceTree = "<group>";
		};
		B01716951D7F33F400967CA7 /* LaunchScreen.storyboard */ = {
			isa = PBXVariantGroup;
			children = (
				B01716961D7F33F400967CA7 /* Base */,
			);
			name = LaunchScreen.storyboard;
			sourceTree = "<group>";
		};
/* End PBXVariantGroup section */

/* Begin XCBuildConfiguration section */
		B01716AF1D7F33F400967CA7 /* Debug */ = {
			isa = XCBuildConfiguration;
			buildSettings = {
				ALWAYS_SEARCH_USER_PATHS = NO;
				CLANG_ANALYZER_NONNULL = YES;
				CLANG_CXX_LANGUAGE_STANDARD = "gnu++0x";
				CLANG_CXX_LIBRARY = "libc++";
				CLANG_ENABLE_MODULES = YES;
				CLANG_ENABLE_OBJC_ARC = YES;
				CLANG_WARN_BOOL_CONVERSION = YES;
				CLANG_WARN_CONSTANT_CONVERSION = YES;
				CLANG_WARN_DIRECT_OBJC_ISA_USAGE = YES_ERROR;
				CLANG_WARN_EMPTY_BODY = YES;
				CLANG_WARN_ENUM_CONVERSION = YES;
				CLANG_WARN_INT_CONVERSION = YES;
				CLANG_WARN_OBJC_ROOT_CLASS = YES_ERROR;
				CLANG_WARN_UNREACHABLE_CODE = YES;
				CLANG_WARN__DUPLICATE_METHOD_MATCH = YES;
				"CODE_SIGN_IDENTITY[sdk=iphoneos*]" = "iPhone Developer";
				COPY_PHASE_STRIP = NO;
				DEBUG_INFORMATION_FORMAT = dwarf;
				ENABLE_STRICT_OBJC_MSGSEND = YES;
				ENABLE_TESTABILITY = YES;
				GCC_C_LANGUAGE_STANDARD = gnu99;
				GCC_DYNAMIC_NO_PIC = NO;
				GCC_NO_COMMON_BLOCKS = YES;
				GCC_OPTIMIZATION_LEVEL = 0;
				GCC_PREPROCESSOR_DEFINITIONS = (
					"DEBUG=1",
					"$(inherited)",
				);
				GCC_WARN_64_TO_32_BIT_CONVERSION = YES;
				GCC_WARN_ABOUT_RETURN_TYPE = YES_ERROR;
				GCC_WARN_UNDECLARED_SELECTOR = YES;
				GCC_WARN_UNINITIALIZED_AUTOS = YES_AGGRESSIVE;
				GCC_WARN_UNUSED_FUNCTION = YES;
				GCC_WARN_UNUSED_VARIABLE = YES;
				IPHONEOS_DEPLOYMENT_TARGET = 9.3;
				MTL_ENABLE_DEBUG_INFO = YES;
				ONLY_ACTIVE_ARCH = YES;
				SDKROOT = iphoneos;
				SWIFT_OPTIMIZATION_LEVEL = "-Onone";
				TARGETED_DEVICE_FAMILY = "1,2";
			};
			name = Debug;
		};
		B01716B01D7F33F400967CA7 /* Release */ = {
			isa = XCBuildConfiguration;
			buildSettings = {
				ALWAYS_SEARCH_USER_PATHS = NO;
				CLANG_ANALYZER_NONNULL = YES;
				CLANG_CXX_LANGUAGE_STANDARD = "gnu++0x";
				CLANG_CXX_LIBRARY = "libc++";
				CLANG_ENABLE_MODULES = YES;
				CLANG_ENABLE_OBJC_ARC = YES;
				CLANG_WARN_BOOL_CONVERSION = YES;
				CLANG_WARN_CONSTANT_CONVERSION = YES;
				CLANG_WARN_DIRECT_OBJC_ISA_USAGE = YES_ERROR;
				CLANG_WARN_EMPTY_BODY = YES;
				CLANG_WARN_ENUM_CONVERSION = YES;
				CLANG_WARN_INT_CONVERSION = YES;
				CLANG_WARN_OBJC_ROOT_CLASS = YES_ERROR;
				CLANG_WARN_UNREACHABLE_CODE = YES;
				CLANG_WARN__DUPLICATE_METHOD_MATCH = YES;
				"CODE_SIGN_IDENTITY[sdk=iphoneos*]" = "iPhone Developer";
				COPY_PHASE_STRIP = NO;
				DEBUG_INFORMATION_FORMAT = "dwarf-with-dsym";
				ENABLE_NS_ASSERTIONS = NO;
				ENABLE_STRICT_OBJC_MSGSEND = YES;
				GCC_C_LANGUAGE_STANDARD = gnu99;
				GCC_NO_COMMON_BLOCKS = YES;
				GCC_WARN_64_TO_32_BIT_CONVERSION = YES;
				GCC_WARN_ABOUT_RETURN_TYPE = YES_ERROR;
				GCC_WARN_UNDECLARED_SELECTOR = YES;
				GCC_WARN_UNINITIALIZED_AUTOS = YES_AGGRESSIVE;
				GCC_WARN_UNUSED_FUNCTION = YES;
				GCC_WARN_UNUSED_VARIABLE = YES;
				IPHONEOS_DEPLOYMENT_TARGET = 9.3;
				MTL_ENABLE_DEBUG_INFO = NO;
				SDKROOT = iphoneos;
				TARGETED_DEVICE_FAMILY = "1,2";
				VALIDATE_PRODUCT = YES;
			};
			name = Release;
		};
		B01716B21D7F33F400967CA7 /* Debug */ = {
			isa = XCBuildConfiguration;
			baseConfigurationReference = 86BBB4277F9641239F893A32 /* Pods-PictBoard.debug.xcconfig */;
			buildSettings = {
				ASSETCATALOG_COMPILER_APPICON_NAME = AppIcon;
				CLANG_ENABLE_MODULES = YES;
				INFOPLIST_FILE = PictBoard/Info.plist;
				LD_RUNPATH_SEARCH_PATHS = "$(inherited) @executable_path/Frameworks";
				PRODUCT_BUNDLE_IDENTIFIER = com.hotchemi.ios.PictBoard;
				PRODUCT_NAME = "$(TARGET_NAME)";
				SWIFT_OBJC_BRIDGING_HEADER = "PictBoard/PictBoard-Bridging-Header.h";
				SWIFT_OPTIMIZATION_LEVEL = "-Onone";
				SWIFT_VERSION = 2.3;
			};
			name = Debug;
		};
		B01716B31D7F33F400967CA7 /* Release */ = {
			isa = XCBuildConfiguration;
			baseConfigurationReference = 46189B98A3D9A333D0B5351A /* Pods-PictBoard.release.xcconfig */;
			buildSettings = {
				ASSETCATALOG_COMPILER_APPICON_NAME = AppIcon;
				CLANG_ENABLE_MODULES = YES;
				INFOPLIST_FILE = PictBoard/Info.plist;
				LD_RUNPATH_SEARCH_PATHS = "$(inherited) @executable_path/Frameworks";
				PRODUCT_BUNDLE_IDENTIFIER = com.hotchemi.ios.PictBoard;
				PRODUCT_NAME = "$(TARGET_NAME)";
				SWIFT_OBJC_BRIDGING_HEADER = "PictBoard/PictBoard-Bridging-Header.h";
				SWIFT_VERSION = 2.3;
			};
			name = Release;
		};
		B01716B51D7F33F400967CA7 /* Debug */ = {
			isa = XCBuildConfiguration;
			baseConfigurationReference = AB4C1810DD127B44384A6D8C /* Pods-PictBoardTests.debug.xcconfig */;
			buildSettings = {
				BUNDLE_LOADER = "$(TEST_HOST)";
				INFOPLIST_FILE = PictBoardTests/Info.plist;
				LD_RUNPATH_SEARCH_PATHS = "$(inherited) @executable_path/Frameworks @loader_path/Frameworks";
				PRODUCT_BUNDLE_IDENTIFIER = com.hotchemi.ios.PictBoardTests;
				PRODUCT_NAME = "$(TARGET_NAME)";
				SWIFT_VERSION = 2.3;
				TEST_HOST = "$(BUILT_PRODUCTS_DIR)/PictBoard.app/PictBoard";
			};
			name = Debug;
		};
		B01716B61D7F33F400967CA7 /* Release */ = {
			isa = XCBuildConfiguration;
			baseConfigurationReference = 81C2DEE42088FBA4933BDF5D /* Pods-PictBoardTests.release.xcconfig */;
			buildSettings = {
				BUNDLE_LOADER = "$(TEST_HOST)";
				INFOPLIST_FILE = PictBoardTests/Info.plist;
				LD_RUNPATH_SEARCH_PATHS = "$(inherited) @executable_path/Frameworks @loader_path/Frameworks";
				PRODUCT_BUNDLE_IDENTIFIER = com.hotchemi.ios.PictBoardTests;
				PRODUCT_NAME = "$(TARGET_NAME)";
				SWIFT_VERSION = 2.3;
				TEST_HOST = "$(BUILT_PRODUCTS_DIR)/PictBoard.app/PictBoard";
			};
			name = Release;
		};
		B01716B81D7F33F400967CA7 /* Debug */ = {
			isa = XCBuildConfiguration;
			baseConfigurationReference = A2719CFF4E697F87C0B3BF7B /* Pods-PictBoardUITests.debug.xcconfig */;
			buildSettings = {
				INFOPLIST_FILE = PictBoardUITests/Info.plist;
				LD_RUNPATH_SEARCH_PATHS = "$(inherited) @executable_path/Frameworks @loader_path/Frameworks";
				PRODUCT_BUNDLE_IDENTIFIER = com.hotchemi.ios.PictBoardUITests;
				PRODUCT_NAME = "$(TARGET_NAME)";
				SWIFT_VERSION = 2.3;
				TEST_TARGET_NAME = PictBoard;
			};
			name = Debug;
		};
		B01716B91D7F33F400967CA7 /* Release */ = {
			isa = XCBuildConfiguration;
			baseConfigurationReference = 87994857645C580AF722B72D /* Pods-PictBoardUITests.release.xcconfig */;
			buildSettings = {
				INFOPLIST_FILE = PictBoardUITests/Info.plist;
				LD_RUNPATH_SEARCH_PATHS = "$(inherited) @executable_path/Frameworks @loader_path/Frameworks";
				PRODUCT_BUNDLE_IDENTIFIER = com.hotchemi.ios.PictBoardUITests;
				PRODUCT_NAME = "$(TARGET_NAME)";
				SWIFT_VERSION = 2.3;
				TEST_TARGET_NAME = PictBoard;
			};
			name = Release;
		};
/* End XCBuildConfiguration section */

/* Begin XCConfigurationList section */
		B01716841D7F33F400967CA7 /* Build configuration list for PBXProject "PictBoard" */ = {
			isa = XCConfigurationList;
			buildConfigurations = (
				B01716AF1D7F33F400967CA7 /* Debug */,
				B01716B01D7F33F400967CA7 /* Release */,
			);
			defaultConfigurationIsVisible = 0;
			defaultConfigurationName = Release;
		};
		B01716B11D7F33F400967CA7 /* Build configuration list for PBXNativeTarget "PictBoard" */ = {
			isa = XCConfigurationList;
			buildConfigurations = (
				B01716B21D7F33F400967CA7 /* Debug */,
				B01716B31D7F33F400967CA7 /* Release */,
			);
			defaultConfigurationIsVisible = 0;
			defaultConfigurationName = Release;
		};
		B01716B41D7F33F400967CA7 /* Build configuration list for PBXNativeTarget "PictBoardTests" */ = {
			isa = XCConfigurationList;
			buildConfigurations = (
				B01716B51D7F33F400967CA7 /* Debug */,
				B01716B61D7F33F400967CA7 /* Release */,
			);
			defaultConfigurationIsVisible = 0;
			defaultConfigurationName = Release;
		};
		B01716B71D7F33F400967CA7 /* Build configuration list for PBXNativeTarget "PictBoardUITests" */ = {
			isa = XCConfigurationList;
			buildConfigurations = (
				B01716B81D7F33F400967CA7 /* Debug */,
				B01716B91D7F33F400967CA7 /* Release */,
			);
			defaultConfigurationIsVisible = 0;
			defaultConfigurationName = Release;
		};
/* End XCConfigurationList section */
	};
	rootObject = B01716811D7F33F400967CA7 /* Project object */;
}
